
Microsoft Visual Studio Solution File, Format Version 12.00
# Visual Studio Version 16
VisualStudioVersion = 16.0.30517.126
MinimumVisualStudioVersion = 10.0.40219.1
Project("{FAE04EC0-301F-11D3-BF4B-00C04F79EFBC}") = "HearthStone_Backend", "HearthStone_Backend.csproj", "{060862ED-D136-41B9-AE62-1950032A79DD}"
EndProject
Global
	GlobalSection(SolutionConfigurationPlatforms) = preSolution
		Debug|Any CPU = Debug|Any CPU
		Release|Any CPU = Release|Any CPU
	EndGlobalSection
	GlobalSection(ProjectConfigurationPlatforms) = postSolution
		{060862ED-D136-41B9-AE62-1950032A79DD}.Debug|Any CPU.ActiveCfg = Debug|Any CPU
		{060862ED-D136-41B9-AE62-1950032A79DD}.Debug|Any CPU.Build.0 = Debug|Any CPU
		{060862ED-D136-41B9-AE62-1950032A79DD}.Release|Any CPU.ActiveCfg = Release|Any CPU
		{060862ED-D136-41B9-AE62-1950032A79DD}.Release|Any CPU.Build.0 = Release|Any CPU
	EndGlobalSection
	GlobalSection(SolutionProperties) = preSolution
		HideSolutionNode = FALSE
	EndGlobalSection
	GlobalSection(ExtensibilityGlobals) = postSolution
		SolutionGuid = {8BA7A3EE-BB57-4796-B58B-B564922A9E2A}
	EndGlobalSection
EndGlobal
